<?xml version="1.0" encoding="utf-8"?>
<Project ToolsVersion="4.0" xmlns="http://schemas.microsoft.com/developer/msbuild/2003">
  <ItemGroup>
    <Filter Include="Header Files">
      <UniqueIdentifier>{3bd07ad5-51e5-4710-8dc0-56bc617ea971}</UniqueIdentifier>
    </Filter>
    <Filter Include="Source Files">
      <UniqueIdentifier>{58c76ee7-3b7a-4b12-8fc2-888238be821c}</UniqueIdentifier>
    </Filter>
    <Filter Include="Problem001to010">
      <UniqueIdentifier>{ffbbb771-7b66-4d99-a894-aca5eee710cc}</UniqueIdentifier>
    </Filter>
    <Filter Include="Problem011to020">
      <UniqueIdentifier>{f2a5595d-6b5e-498a-a92c-7db9dbca3a59}</UniqueIdentifier>
    </Filter>
    <Filter Include="Problem061to070">
      <UniqueIdentifier>{bafe5f40-1186-4b43-8cfd-aacb88e90497}</UniqueIdentifier>
    </Filter>
    <Filter Include="Problem021to030">
      <UniqueIdentifier>{0a94d74c-c914-4cdf-8665-b23db51c291d}</UniqueIdentifier>
    </Filter>
  </ItemGroup>
  <ItemGroup>
    <ClInclude Include="Problem001to010\problems.h">
      <Filter>Problem001to010</Filter>
    </ClInclude>
    <ClInclude Include="stdafx.h">
      <Filter>Header Files</Filter>
    </ClInclude>
    <ClInclude Include="utils.h">
      <Filter>Header Files</Filter>
    </ClInclude>
    <ClInclude Include="Problem011to020\problems.h">
      <Filter>Problem011to020</Filter>
    </ClInclude>
    <ClInclude Include="Problem061to070\problems.h">
      <Filter>Problem061to070</Filter>
    </ClInclude>
    <ClInclude Include="Problem021to030\problems.h">
      <Filter>Problem021to030</Filter>
    </ClInclude>
  </ItemGroup>
  <ItemGroup>
    <ClCompile Include="main.cpp">
      <Filter>Source Files</Filter>
    </ClCompile>
    <ClCompile Include="Problem001to010\problem1.cpp">
      <Filter>Problem001to010</Filter>
    </ClCompile>
    <ClCompile Include="Problem001to010\problem2.cpp">
      <Filter>Problem001to010</Filter>
    </ClCompile>
    <ClCompile Include="Problem001to010\problem3.cpp">
      <Filter>Problem001to010</Filter>
    </ClCompile>
    <ClCompile Include="Problem001to010\problem4.cpp">
      <Filter>Problem001to010</Filter>
    </ClCompile>
    <ClCompile Include="Problem001to010\problem5.cpp">
      <Filter>Problem001to010</Filter>
    </ClCompile>
    <ClCompile Include="Problem001to010\problem6.cpp">
      <Filter>Problem001to010</Filter>
    </ClCompile>
    <ClCompile Include="Problem001to010\problem7.cpp">
      <Filter>Problem001to010</Filter>
    </ClCompile>
    <ClCompile Include="Problem001to010\problem8.cpp">
      <Filter>Problem001to010</Filter>
    </ClCompile>
    <ClCompile Include="Problem001to010\problem9.cpp">
      <Filter>Problem001to010</Filter>
    </ClCompile>
    <ClCompile Include="Problem001to010\problem10.cpp">
      <Filter>Problem001to010</Filter>
    </ClCompile>
    <ClCompile Include="stdafx.cpp">
      <Filter>Source Files</Filter>
    </ClCompile>
    <ClCompile Include="utils.cpp">
      <Filter>Source Files</Filter>
    </ClCompile>
    <ClCompile Include="Problem011to020\problem11.cpp">
      <Filter>Problem011to020</Filter>
    </ClCompile>
    <ClCompile Include="Problem011to020\problem12.cpp">
      <Filter>Problem011to020</Filter>
    </ClCompile>
    <ClCompile Include="Problem011to020\problem13.cpp">
      <Filter>Problem011to020</Filter>
    </ClCompile>
    <ClCompile Include="Problem011to020\problem14.cpp">
      <Filter>Problem011to020</Filter>
    </ClCompile>
    <ClCompile Include="Problem011to020\problem15.cpp">
      <Filter>Problem011to020</Filter>
    </ClCompile>
    <ClCompile Include="Problem011to020\problem16.cpp">
      <Filter>Problem011to020</Filter>
    </ClCompile>
    <ClCompile Include="Problem011to020\problem17.cpp">
      <Filter>Problem011to020</Filter>
    </ClCompile>
    <ClCompile Include="Problem011to020\problem19.cpp">
      <Filter>Problem011to020</Filter>
    </ClCompile>
    <ClCompile Include="Problem011to020\problem20.cpp">
      <Filter>Problem011to020</Filter>
    </ClCompile>
    <ClCompile Include="Problem011to020\problem18.cpp">
      <Filter>Problem011to020</Filter>
    </ClCompile>
    <ClCompile Include="Problem061to070\problem67.cpp">
      <Filter>Problem061to070</Filter>
    </ClCompile>
    <ClCompile Include="Problem021to030\problem21.cpp">
      <Filter>Problem021to030</Filter>
    </ClCompile>
    <ClCompile Include="Problem021to030\problem22.cpp">
      <Filter>Problem021to030</Filter>
    </ClCompile>
  </ItemGroup>
</Project>