<?xml version="1.0" encoding="utf-8"?>
<Project ToolsVersion="4.0" xmlns="http://schemas.microsoft.com/developer/msbuild/2003">
  <ItemGroup>
    <Filter Include="Header Files">
      <UniqueIdentifier>{3bd07ad5-51e5-4710-8dc0-56bc617ea971}</UniqueIdentifier>
    </Filter>
    <Filter Include="Source Files">
      <UniqueIdentifier>{58c76ee7-3b7a-4b12-8fc2-888238be821c}</UniqueIdentifier>
    </Filter>
  </ItemGroup>
  <ItemGroup>
    <ClInclude Include="problem1.h">
      <Filter>Header Files</Filter>
    </ClInclude>
    <ClInclude Include="problem4.h">
      <Filter>Header Files</Filter>
    </ClInclude>
    <ClInclude Include="stopwatch.h">
      <Filter>Header Files</Filter>
    </ClInclude>
    <ClInclude Include="problem2.h">
      <Filter>Header Files</Filter>
    </ClInclude>
    <ClInclude Include="problem3.h">
      <Filter>Header Files</Filter>
    </ClInclude>
    <ClInclude Include="problem5.h">
      <Filter>Header Files</Filter>
    </ClInclude>
    <ClInclude Include="common.h">
      <Filter>Header Files</Filter>
    </ClInclude>
  </ItemGroup>
  <ItemGroup>
    <ClCompile Include="main.cpp">
      <Filter>Source Files</Filter>
    </ClCompile>
    <ClCompile Include="problem1.cpp">
      <Filter>Source Files</Filter>
    </ClCompile>
    <ClCompile Include="problem4.cpp">
      <Filter>Source Files</Filter>
    </ClCompile>
    <ClCompile Include="problem2.cpp">
      <Filter>Source Files</Filter>
    </ClCompile>
    <ClCompile Include="problem3.cpp">
      <Filter>Source Files</Filter>
    </ClCompile>
    <ClCompile Include="problem5.cpp">
      <Filter>Source Files</Filter>
    </ClCompile>
  </ItemGroup>
</Project>